<?xml version="1.0" encoding="utf-8"?>
<Project ToolsVersion="4.0" xmlns="http://schemas.microsoft.com/developer/msbuild/2003">
  <ItemGroup>
    <Filter Include="Source Files">
      <UniqueIdentifier>{d19cc614-cdbe-4c74-8e1e-1a2e5b199624}</UniqueIdentifier>
    </Filter>
    <Filter Include="Source Files\Core">
      <UniqueIdentifier>{c916cb07-1548-498e-b18c-d49f61876549}</UniqueIdentifier>
    </Filter>
    <Filter Include="Source Files\Driver">
      <UniqueIdentifier>{53a5168e-61c2-4683-829c-34ce94de0af2}</UniqueIdentifier>
    </Filter>
    <Filter Include="Source Files\Utils">
      <UniqueIdentifier>{6524d249-5496-4bf4-9e80-1fd75db933e3}</UniqueIdentifier>
    </Filter>
    <Filter Include="Source Files\WindowManager">
      <UniqueIdentifier>{e25a42c3-ba42-48c1-b828-e30526bf9772}</UniqueIdentifier>
    </Filter>
    <Filter Include="Source Files\Driver\OpenGL">
      <UniqueIdentifier>{38c1410a-869e-4347-a0e0-780ad347cfc4}</UniqueIdentifier>
    </Filter>
    <Filter Include="Source Files\Driver\Texture">
      <UniqueIdentifier>{d1be0101-ab97-4a8f-8746-2c0f049787b2}</UniqueIdentifier>
    </Filter>
    <Filter Include="Source Files\Scene">
      <UniqueIdentifier>{9bcecbf4-1224-4870-bc04-70f45a75d8b4}</UniqueIdentifier>
    </Filter>
    <Filter Include="Source Files\Driver\Texture\cil">
      <UniqueIdentifier>{352da500-5f8e-4b41-a837-8ef63ca37037}</UniqueIdentifier>
    </Filter>
    <Filter Include="Source Files\Driver\Texture\stb">
      <UniqueIdentifier>{141df28a-e4fd-44c8-985b-067564e5eae0}</UniqueIdentifier>
    </Filter>
  </ItemGroup>
  <ItemGroup>
    <ClInclude Include="..\include\Core\Core.h">
      <Filter>Source Files\Core</Filter>
    </ClInclude>
    <ClInclude Include="..\include\Core\OS_Selector.h">
      <Filter>Source Files\Core</Filter>
    </ClInclude>
    <ClInclude Include="..\include\Driver\BaseDriver.h">
      <Filter>Source Files\Driver</Filter>
    </ClInclude>
    <ClInclude Include="..\include\Driver\DriverProperties.h">
      <Filter>Source Files\Driver</Filter>
    </ClInclude>
    <ClInclude Include="..\include\Utils\Log.h">
      <Filter>Source Files\Utils</Filter>
    </ClInclude>
    <ClInclude Include="..\include\Utils\WindowProperties.h">
      <Filter>Source Files\Utils</Filter>
    </ClInclude>
    <ClInclude Include="..\include\Utils\InputBase.h">
      <Filter>Source Files\Utils</Filter>
    </ClInclude>
    <ClInclude Include="..\include\Driver\Buffer.h">
      <Filter>Source Files\Driver</Filter>
    </ClInclude>
    <ClInclude Include="..\include\Driver\BufferOpenGL.h">
      <Filter>Source Files\Driver\OpenGL</Filter>
    </ClInclude>
    <ClInclude Include="..\include\Driver\OpenGLDriver.h">
      <Filter>Source Files\Driver\OpenGL</Filter>
    </ClInclude>
    <ClInclude Include="..\include\Driver\GLSLParser.h">
      <Filter>Source Files\Driver\OpenGL</Filter>
    </ClInclude>
    <ClInclude Include="..\include\Driver\ShaderBase.h">
      <Filter>Source Files\Driver</Filter>
    </ClInclude>
    <ClInclude Include="..\include\Utils\Maths.h">
      <Filter>Source Files\Utils</Filter>
    </ClInclude>
    <ClInclude Include="..\include\WindowManager\AndroidFramework.h">
      <Filter>Source Files\WindowManager</Filter>
    </ClInclude>
    <ClInclude Include="..\include\WindowManager\FrameworkManager.h">
      <Filter>Source Files\WindowManager</Filter>
    </ClInclude>
    <ClInclude Include="..\include\WindowManager\Win32Framework.h">
      <Filter>Source Files\WindowManager</Filter>
    </ClInclude>
    <ClInclude Include="..\include\Driver\Technique.h">
      <Filter>Source Files\Driver</Filter>
    </ClInclude>
    <ClInclude Include="..\include\Driver\EffectGL.h">
      <Filter>Source Files\Driver\OpenGL</Filter>
    </ClInclude>
    <ClInclude Include="..\include\Utils\FileSystem.h">
      <Filter>Source Files\Utils</Filter>
    </ClInclude>
    <ClInclude Include="..\include\Driver\Texture.h">
      <Filter>Source Files\Driver\Texture</Filter>
    </ClInclude>
    <ClInclude Include="..\include\Scene\Camera.h">
      <Filter>Source Files\Scene</Filter>
    </ClInclude>
    <ClInclude Include="..\include\Scene\Node.h">
      <Filter>Source Files\Scene</Filter>
    </ClInclude>
    <ClInclude Include="..\include\Scene\Scene.h">
      <Filter>Source Files\Scene</Filter>
    </ClInclude>
    <ClInclude Include="..\include\config.h">
      <Filter>Source Files\Core</Filter>
    </ClInclude>
    <ClInclude Include="..\include\Driver\cil\cil.h">
      <Filter>Source Files\Driver\Texture\cil</Filter>
    </ClInclude>
    <ClInclude Include="..\include\Driver\stb\stb.h">
      <Filter>Source Files\Driver\Texture\stb</Filter>
    </ClInclude>
    <ClInclude Include="..\include\Driver\stb\stb_image.h">
      <Filter>Source Files\Driver\Texture\stb</Filter>
    </ClInclude>
    <ClInclude Include="..\include\Driver\stb\stb_truetype.h">
      <Filter>Source Files\Driver\Texture\stb</Filter>
    </ClInclude>
    <ClInclude Include="..\include\Driver\TextureGL.h">
      <Filter>Source Files\Driver\OpenGL</Filter>
    </ClInclude>
  </ItemGroup>
  <ItemGroup>
    <ClCompile Include="..\src\Driver\DriverProperties.cpp">
      <Filter>Source Files\Driver</Filter>
    </ClCompile>
    <ClCompile Include="..\src\Utils\Log.cpp">
      <Filter>Source Files\Utils</Filter>
    </ClCompile>
    <ClCompile Include="..\src\Utils\WindowProperties.cpp">
      <Filter>Source Files\Utils</Filter>
    </ClCompile>
    <ClCompile Include="..\src\Core\Core.cpp">
      <Filter>Source Files\Core</Filter>
    </ClCompile>
    <ClCompile Include="..\src\Utils\InputImplAndroid.cpp">
      <Filter>Source Files\Utils</Filter>
    </ClCompile>
    <ClCompile Include="..\src\Driver\BufferOpenGL.cpp">
      <Filter>Source Files\Driver\OpenGL</Filter>
    </ClCompile>
    <ClCompile Include="..\src\Driver\OpenGlDriver.cpp">
      <Filter>Source Files\Driver\OpenGL</Filter>
    </ClCompile>
    <ClCompile Include="..\src\Driver\GLSLParser.cpp">
      <Filter>Source Files\Driver\OpenGL</Filter>
    </ClCompile>
    <ClCompile Include="..\src\WindowManager\AndroidFramework.cpp">
      <Filter>Source Files\WindowManager</Filter>
    </ClCompile>
    <ClCompile Include="..\src\WindowManager\AppPlatform.cpp">
      <Filter>Source Files\WindowManager</Filter>
    </ClCompile>
    <ClCompile Include="..\src\WindowManager\FrameworkManager.cpp">
      <Filter>Source Files\WindowManager</Filter>
    </ClCompile>
    <ClCompile Include="..\src\WindowManager\Win32Framework.cpp">
      <Filter>Source Files\WindowManager</Filter>
    </ClCompile>
    <ClCompile Include="..\src\Driver\EffectGL.cpp">
      <Filter>Source Files\Driver\OpenGL</Filter>
    </ClCompile>
    <ClCompile Include="..\src\Utils\FileSystem.cpp">
      <Filter>Source Files\Utils</Filter>
    </ClCompile>
    <ClCompile Include="..\src\Driver\ShaderBase.cpp">
      <Filter>Source Files\Driver</Filter>
    </ClCompile>
    <ClCompile Include="..\src\Driver\Texture.cpp">
      <Filter>Source Files\Driver\Texture</Filter>
    </ClCompile>
    <ClCompile Include="..\src\Scene\Camera.cpp">
      <Filter>Source Files\Scene</Filter>
    </ClCompile>
    <ClCompile Include="..\src\Scene\Node.cpp">
      <Filter>Source Files\Scene</Filter>
    </ClCompile>
    <ClCompile Include="..\src\Driver\TextureGL.cpp">
      <Filter>Source Files\Driver\OpenGL</Filter>
    </ClCompile>
  </ItemGroup>
</Project>