// !$*UTF8*$!
{
	archiveVersion = 1;
	classes = {
	};
	objectVersion = 46;
	objects = {

/* Begin PBXBuildFile section */
		65047BE31C59E7BD007F16C0 /* UIKit.framework in Frameworks */ = {isa = PBXBuildFile; fileRef = 65047BE21C59E7BD007F16C0 /* UIKit.framework */; };
		652636B31C5732E100BF1B16 /* OpenGLES.framework in Frameworks */ = {isa = PBXBuildFile; fileRef = 652636B21C5732E100BF1B16 /* OpenGLES.framework */; };
		65CC87C51C5CAA850050DFDA /* QuartzCore.framework in Frameworks */ = {isa = PBXBuildFile; fileRef = 65CC87C41C5CAA850050DFDA /* QuartzCore.framework */; };
		65F3BB281C5B32FD00273E3F /* Core.cpp in Sources */ = {isa = PBXBuildFile; fileRef = 65F3BB0B1C5B32FD00273E3F /* Core.cpp */; };
		65F3BB291C5B32FD00273E3F /* BufferOpenGL.cpp in Sources */ = {isa = PBXBuildFile; fileRef = 65F3BB0D1C5B32FD00273E3F /* BufferOpenGL.cpp */; };
		65F3BB2A1C5B32FD00273E3F /* DriverProperties.cpp in Sources */ = {isa = PBXBuildFile; fileRef = 65F3BB0E1C5B32FD00273E3F /* DriverProperties.cpp */; };
		65F3BB2B1C5B32FD00273E3F /* EffectGL.cpp in Sources */ = {isa = PBXBuildFile; fileRef = 65F3BB0F1C5B32FD00273E3F /* EffectGL.cpp */; };
		65F3BB2C1C5B32FD00273E3F /* GLSLParser.cpp in Sources */ = {isa = PBXBuildFile; fileRef = 65F3BB101C5B32FD00273E3F /* GLSLParser.cpp */; };
		65F3BB2D1C5B32FD00273E3F /* OpenGlDriver.cpp in Sources */ = {isa = PBXBuildFile; fileRef = 65F3BB111C5B32FD00273E3F /* OpenGlDriver.cpp */; };
		65F3BB2E1C5B32FD00273E3F /* ShaderBase.cpp in Sources */ = {isa = PBXBuildFile; fileRef = 65F3BB121C5B32FD00273E3F /* ShaderBase.cpp */; };
		65F3BB2F1C5B32FD00273E3F /* Texture.cpp in Sources */ = {isa = PBXBuildFile; fileRef = 65F3BB131C5B32FD00273E3F /* Texture.cpp */; };
		65F3BB301C5B32FD00273E3F /* TextureGL.cpp in Sources */ = {isa = PBXBuildFile; fileRef = 65F3BB141C5B32FD00273E3F /* TextureGL.cpp */; };
		65F3BB311C5B32FD00273E3F /* Camera.cpp in Sources */ = {isa = PBXBuildFile; fileRef = 65F3BB161C5B32FD00273E3F /* Camera.cpp */; };
		65F3BB321C5B32FD00273E3F /* Node.cpp in Sources */ = {isa = PBXBuildFile; fileRef = 65F3BB171C5B32FD00273E3F /* Node.cpp */; };
		65F3BB331C5B32FD00273E3F /* FileSystem.cpp in Sources */ = {isa = PBXBuildFile; fileRef = 65F3BB191C5B32FD00273E3F /* FileSystem.cpp */; };
		65F3BB341C5B32FD00273E3F /* InputImplAndroid.cpp in Sources */ = {isa = PBXBuildFile; fileRef = 65F3BB1A1C5B32FD00273E3F /* InputImplAndroid.cpp */; };
		65F3BB351C5B32FD00273E3F /* InputImplWin32.cpp in Sources */ = {isa = PBXBuildFile; fileRef = 65F3BB1B1C5B32FD00273E3F /* InputImplWin32.cpp */; };
		65F3BB361C5B32FD00273E3F /* Log.cpp in Sources */ = {isa = PBXBuildFile; fileRef = 65F3BB1C1C5B32FD00273E3F /* Log.cpp */; };
		65F3BB371C5B32FD00273E3F /* Maths.cpp in Sources */ = {isa = PBXBuildFile; fileRef = 65F3BB1D1C5B32FD00273E3F /* Maths.cpp */; };
		65F3BB381C5B32FD00273E3F /* WindowProperties.cpp in Sources */ = {isa = PBXBuildFile; fileRef = 65F3BB1E1C5B32FD00273E3F /* WindowProperties.cpp */; };
		65F3BB391C5B32FD00273E3F /* XDataBase.cpp in Sources */ = {isa = PBXBuildFile; fileRef = 65F3BB201C5B32FD00273E3F /* XDataBase.cpp */; };
		65F3BB3A1C5B32FD00273E3F /* xMesh.cpp in Sources */ = {isa = PBXBuildFile; fileRef = 65F3BB211C5B32FD00273E3F /* xMesh.cpp */; };
		65F3BB3B1C5B32FD00273E3F /* AndroidFramework.cpp in Sources */ = {isa = PBXBuildFile; fileRef = 65F3BB231C5B32FD00273E3F /* AndroidFramework.cpp */; };
		65F3BB3C1C5B32FD00273E3F /* AppPlatform.cpp in Sources */ = {isa = PBXBuildFile; fileRef = 65F3BB241C5B32FD00273E3F /* AppPlatform.cpp */; };
		65F3BB3D1C5B32FD00273E3F /* FrameworkManager.cpp in Sources */ = {isa = PBXBuildFile; fileRef = 65F3BB251C5B32FD00273E3F /* FrameworkManager.cpp */; };
		65F3BB3E1C5B32FD00273E3F /* iOSFramework.cpp in Sources */ = {isa = PBXBuildFile; fileRef = 65F3BB261C5B32FD00273E3F /* iOSFramework.cpp */; };
		65F3BB3F1C5B32FD00273E3F /* Win32Framework.cpp in Sources */ = {isa = PBXBuildFile; fileRef = 65F3BB271C5B32FD00273E3F /* Win32Framework.cpp */; };
		65F3BB6E1C5B330F00273E3F /* Time.cpp in Sources */ = {isa = PBXBuildFile; fileRef = 65F3BB621C5B330F00273E3F /* Time.cpp */; };
/* End PBXBuildFile section */

/* Begin PBXCopyFilesBuildPhase section */
		652636451C571FA800BF1B16 /* CopyFiles */ = {
			isa = PBXCopyFilesBuildPhase;
			buildActionMask = 2147483647;
			dstPath = "include/$(PRODUCT_NAME)";
			dstSubfolderSpec = 16;
			files = (
			);
			runOnlyForDeploymentPostprocessing = 0;
		};
/* End PBXCopyFilesBuildPhase section */

/* Begin PBXFileReference section */
		65047BE21C59E7BD007F16C0 /* UIKit.framework */ = {isa = PBXFileReference; lastKnownFileType = wrapper.framework; name = UIKit.framework; path = System/Library/Frameworks/UIKit.framework; sourceTree = SDKROOT; };
		652636471C571FA800BF1B16 /* libCamusFrameworkiOS.a */ = {isa = PBXFileReference; explicitFileType = archive.ar; includeInIndex = 0; path = libCamusFrameworkiOS.a; sourceTree = BUILT_PRODUCTS_DIR; };
		652636B21C5732E100BF1B16 /* OpenGLES.framework */ = {isa = PBXFileReference; lastKnownFileType = wrapper.framework; name = OpenGLES.framework; path = System/Library/Frameworks/OpenGLES.framework; sourceTree = SDKROOT; };
		65CC87C41C5CAA850050DFDA /* QuartzCore.framework */ = {isa = PBXFileReference; lastKnownFileType = wrapper.framework; name = QuartzCore.framework; path = System/Library/Frameworks/QuartzCore.framework; sourceTree = SDKROOT; };
		65F3BB0B1C5B32FD00273E3F /* Core.cpp */ = {isa = PBXFileReference; fileEncoding = 4; lastKnownFileType = sourcecode.cpp.cpp; path = Core.cpp; sourceTree = "<group>"; };
		65F3BB0D1C5B32FD00273E3F /* BufferOpenGL.cpp */ = {isa = PBXFileReference; explicitFileType = sourcecode.cpp.objcpp; fileEncoding = 4; path = BufferOpenGL.cpp; sourceTree = "<group>"; };
		65F3BB0E1C5B32FD00273E3F /* DriverProperties.cpp */ = {isa = PBXFileReference; fileEncoding = 4; lastKnownFileType = sourcecode.cpp.cpp; path = DriverProperties.cpp; sourceTree = "<group>"; };
		65F3BB0F1C5B32FD00273E3F /* EffectGL.cpp */ = {isa = PBXFileReference; explicitFileType = sourcecode.cpp.objcpp; fileEncoding = 4; path = EffectGL.cpp; sourceTree = "<group>"; };
		65F3BB101C5B32FD00273E3F /* GLSLParser.cpp */ = {isa = PBXFileReference; fileEncoding = 4; lastKnownFileType = sourcecode.cpp.cpp; path = GLSLParser.cpp; sourceTree = "<group>"; };
		65F3BB111C5B32FD00273E3F /* OpenGlDriver.cpp */ = {isa = PBXFileReference; explicitFileType = sourcecode.cpp.objcpp; fileEncoding = 4; path = OpenGlDriver.cpp; sourceTree = "<group>"; };
		65F3BB121C5B32FD00273E3F /* ShaderBase.cpp */ = {isa = PBXFileReference; fileEncoding = 4; lastKnownFileType = sourcecode.cpp.cpp; path = ShaderBase.cpp; sourceTree = "<group>"; };
		65F3BB131C5B32FD00273E3F /* Texture.cpp */ = {isa = PBXFileReference; fileEncoding = 4; lastKnownFileType = sourcecode.cpp.cpp; path = Texture.cpp; sourceTree = "<group>"; };
		65F3BB141C5B32FD00273E3F /* TextureGL.cpp */ = {isa = PBXFileReference; explicitFileType = sourcecode.cpp.objcpp; fileEncoding = 4; path = TextureGL.cpp; sourceTree = "<group>"; };
		65F3BB161C5B32FD00273E3F /* Camera.cpp */ = {isa = PBXFileReference; fileEncoding = 4; lastKnownFileType = sourcecode.cpp.cpp; path = Camera.cpp; sourceTree = "<group>"; };
		65F3BB171C5B32FD00273E3F /* Node.cpp */ = {isa = PBXFileReference; fileEncoding = 4; lastKnownFileType = sourcecode.cpp.cpp; path = Node.cpp; sourceTree = "<group>"; };
		65F3BB191C5B32FD00273E3F /* FileSystem.cpp */ = {isa = PBXFileReference; explicitFileType = sourcecode.cpp.objcpp; fileEncoding = 4; path = FileSystem.cpp; sourceTree = "<group>"; };
		65F3BB1A1C5B32FD00273E3F /* InputImplAndroid.cpp */ = {isa = PBXFileReference; fileEncoding = 4; lastKnownFileType = sourcecode.cpp.cpp; path = InputImplAndroid.cpp; sourceTree = "<group>"; };
		65F3BB1B1C5B32FD00273E3F /* InputImplWin32.cpp */ = {isa = PBXFileReference; fileEncoding = 4; lastKnownFileType = sourcecode.cpp.cpp; path = InputImplWin32.cpp; sourceTree = "<group>"; };
		65F3BB1C1C5B32FD00273E3F /* Log.cpp */ = {isa = PBXFileReference; fileEncoding = 4; lastKnownFileType = sourcecode.cpp.cpp; path = Log.cpp; sourceTree = "<group>"; };
		65F3BB1D1C5B32FD00273E3F /* Maths.cpp */ = {isa = PBXFileReference; fileEncoding = 4; lastKnownFileType = sourcecode.cpp.cpp; path = Maths.cpp; sourceTree = "<group>"; };
		65F3BB1E1C5B32FD00273E3F /* WindowProperties.cpp */ = {isa = PBXFileReference; fileEncoding = 4; lastKnownFileType = sourcecode.cpp.cpp; path = WindowProperties.cpp; sourceTree = "<group>"; };
		65F3BB201C5B32FD00273E3F /* XDataBase.cpp */ = {isa = PBXFileReference; fileEncoding = 4; lastKnownFileType = sourcecode.cpp.cpp; path = XDataBase.cpp; sourceTree = "<group>"; };
		65F3BB211C5B32FD00273E3F /* xMesh.cpp */ = {isa = PBXFileReference; fileEncoding = 4; lastKnownFileType = sourcecode.cpp.cpp; path = xMesh.cpp; sourceTree = "<group>"; };
		65F3BB231C5B32FD00273E3F /* AndroidFramework.cpp */ = {isa = PBXFileReference; fileEncoding = 4; lastKnownFileType = sourcecode.cpp.cpp; path = AndroidFramework.cpp; sourceTree = "<group>"; };
		65F3BB241C5B32FD00273E3F /* AppPlatform.cpp */ = {isa = PBXFileReference; fileEncoding = 4; lastKnownFileType = sourcecode.cpp.cpp; path = AppPlatform.cpp; sourceTree = "<group>"; };
		65F3BB251C5B32FD00273E3F /* FrameworkManager.cpp */ = {isa = PBXFileReference; explicitFileType = sourcecode.cpp.objcpp; fileEncoding = 4; path = FrameworkManager.cpp; sourceTree = "<group>"; };
		65F3BB261C5B32FD00273E3F /* iOSFramework.cpp */ = {isa = PBXFileReference; explicitFileType = sourcecode.cpp.objcpp; fileEncoding = 4; path = iOSFramework.cpp; sourceTree = "<group>"; };
		65F3BB271C5B32FD00273E3F /* Win32Framework.cpp */ = {isa = PBXFileReference; fileEncoding = 4; lastKnownFileType = sourcecode.cpp.cpp; path = Win32Framework.cpp; sourceTree = "<group>"; };
		65F3BB411C5B330F00273E3F /* config.h */ = {isa = PBXFileReference; fileEncoding = 4; lastKnownFileType = sourcecode.c.h; path = config.h; sourceTree = "<group>"; };
		65F3BB431C5B330F00273E3F /* Core.h */ = {isa = PBXFileReference; fileEncoding = 4; lastKnownFileType = sourcecode.c.h; path = Core.h; sourceTree = "<group>"; };
		65F3BB441C5B330F00273E3F /* OS_Selector.h */ = {isa = PBXFileReference; fileEncoding = 4; lastKnownFileType = sourcecode.c.h; path = OS_Selector.h; sourceTree = "<group>"; };
		65F3BB461C5B330F00273E3F /* BaseDriver.h */ = {isa = PBXFileReference; fileEncoding = 4; lastKnownFileType = sourcecode.c.h; path = BaseDriver.h; sourceTree = "<group>"; };
		65F3BB471C5B330F00273E3F /* Buffer.h */ = {isa = PBXFileReference; fileEncoding = 4; lastKnownFileType = sourcecode.c.h; path = Buffer.h; sourceTree = "<group>"; };
		65F3BB481C5B330F00273E3F /* BufferOpenGL.h */ = {isa = PBXFileReference; fileEncoding = 4; lastKnownFileType = sourcecode.c.h; path = BufferOpenGL.h; sourceTree = "<group>"; };
		65F3BB4A1C5B330F00273E3F /* cil.h */ = {isa = PBXFileReference; fileEncoding = 4; lastKnownFileType = sourcecode.c.h; path = cil.h; sourceTree = "<group>"; };
		65F3BB4B1C5B330F00273E3F /* DriverProperties.h */ = {isa = PBXFileReference; fileEncoding = 4; lastKnownFileType = sourcecode.c.h; path = DriverProperties.h; sourceTree = "<group>"; };
		65F3BB4C1C5B330F00273E3F /* EffectGL.h */ = {isa = PBXFileReference; fileEncoding = 4; lastKnownFileType = sourcecode.c.h; path = EffectGL.h; sourceTree = "<group>"; };
		65F3BB4D1C5B330F00273E3F /* GLSLParser.h */ = {isa = PBXFileReference; fileEncoding = 4; lastKnownFileType = sourcecode.c.h; path = GLSLParser.h; sourceTree = "<group>"; };
		65F3BB4E1C5B330F00273E3F /* OpenGLDriver.h */ = {isa = PBXFileReference; fileEncoding = 4; lastKnownFileType = sourcecode.c.h; path = OpenGLDriver.h; sourceTree = "<group>"; };
		65F3BB4F1C5B330F00273E3F /* RenderState.h */ = {isa = PBXFileReference; fileEncoding = 4; lastKnownFileType = sourcecode.c.h; path = RenderState.h; sourceTree = "<group>"; };
		65F3BB501C5B330F00273E3F /* ShaderBase.h */ = {isa = PBXFileReference; fileEncoding = 4; lastKnownFileType = sourcecode.c.h; path = ShaderBase.h; sourceTree = "<group>"; };
		65F3BB521C5B330F00273E3F /* stb.h */ = {isa = PBXFileReference; fileEncoding = 4; lastKnownFileType = sourcecode.c.h; path = stb.h; sourceTree = "<group>"; };
		65F3BB531C5B330F00273E3F /* stb_image.h */ = {isa = PBXFileReference; fileEncoding = 4; lastKnownFileType = sourcecode.c.h; path = stb_image.h; sourceTree = "<group>"; };
		65F3BB541C5B330F00273E3F /* stb_truetype.h */ = {isa = PBXFileReference; fileEncoding = 4; lastKnownFileType = sourcecode.c.h; path = stb_truetype.h; sourceTree = "<group>"; };
		65F3BB551C5B330F00273E3F /* Technique.h */ = {isa = PBXFileReference; fileEncoding = 4; lastKnownFileType = sourcecode.c.h; path = Technique.h; sourceTree = "<group>"; };
		65F3BB561C5B330F00273E3F /* Texture.h */ = {isa = PBXFileReference; fileEncoding = 4; lastKnownFileType = sourcecode.c.h; path = Texture.h; sourceTree = "<group>"; };
		65F3BB571C5B330F00273E3F /* TextureGL.h */ = {isa = PBXFileReference; fileEncoding = 4; lastKnownFileType = sourcecode.c.h; path = TextureGL.h; sourceTree = "<group>"; };
		65F3BB591C5B330F00273E3F /* Camera.h */ = {isa = PBXFileReference; fileEncoding = 4; lastKnownFileType = sourcecode.c.h; path = Camera.h; sourceTree = "<group>"; };
		65F3BB5A1C5B330F00273E3F /* Header.h */ = {isa = PBXFileReference; fileEncoding = 4; lastKnownFileType = sourcecode.c.h; path = Header.h; sourceTree = "<group>"; };
		65F3BB5B1C5B330F00273E3F /* Node.h */ = {isa = PBXFileReference; fileEncoding = 4; lastKnownFileType = sourcecode.c.h; path = Node.h; sourceTree = "<group>"; };
		65F3BB5C1C5B330F00273E3F /* Scene.h */ = {isa = PBXFileReference; fileEncoding = 4; lastKnownFileType = sourcecode.c.h; path = Scene.h; sourceTree = "<group>"; };
		65F3BB5E1C5B330F00273E3F /* FileSystem.h */ = {isa = PBXFileReference; fileEncoding = 4; lastKnownFileType = sourcecode.c.h; path = FileSystem.h; sourceTree = "<group>"; };
		65F3BB5F1C5B330F00273E3F /* InputBase.h */ = {isa = PBXFileReference; fileEncoding = 4; lastKnownFileType = sourcecode.c.h; path = InputBase.h; sourceTree = "<group>"; };
		65F3BB601C5B330F00273E3F /* Log.h */ = {isa = PBXFileReference; fileEncoding = 4; lastKnownFileType = sourcecode.c.h; path = Log.h; sourceTree = "<group>"; };
		65F3BB611C5B330F00273E3F /* Maths.h */ = {isa = PBXFileReference; fileEncoding = 4; lastKnownFileType = sourcecode.c.h; path = Maths.h; sourceTree = "<group>"; };
		65F3BB621C5B330F00273E3F /* Time.cpp */ = {isa = PBXFileReference; fileEncoding = 4; lastKnownFileType = sourcecode.cpp.cpp; path = Time.cpp; sourceTree = "<group>"; };
		65F3BB631C5B330F00273E3F /* Time.h */ = {isa = PBXFileReference; fileEncoding = 4; lastKnownFileType = sourcecode.c.h; path = Time.h; sourceTree = "<group>"; };
		65F3BB641C5B330F00273E3F /* WindowProperties.h */ = {isa = PBXFileReference; fileEncoding = 4; lastKnownFileType = sourcecode.c.h; path = WindowProperties.h; sourceTree = "<group>"; };
		65F3BB661C5B330F00273E3F /* XDataBase.h */ = {isa = PBXFileReference; fileEncoding = 4; lastKnownFileType = sourcecode.c.h; path = XDataBase.h; sourceTree = "<group>"; };
		65F3BB671C5B330F00273E3F /* xDefs.h */ = {isa = PBXFileReference; fileEncoding = 4; lastKnownFileType = sourcecode.c.h; path = xDefs.h; sourceTree = "<group>"; };
		65F3BB681C5B330F00273E3F /* xMesh.h */ = {isa = PBXFileReference; fileEncoding = 4; lastKnownFileType = sourcecode.c.h; path = xMesh.h; sourceTree = "<group>"; };
		65F3BB6A1C5B330F00273E3F /* AndroidFramework.h */ = {isa = PBXFileReference; fileEncoding = 4; lastKnownFileType = sourcecode.c.h; path = AndroidFramework.h; sourceTree = "<group>"; };
		65F3BB6B1C5B330F00273E3F /* FrameworkManager.h */ = {isa = PBXFileReference; fileEncoding = 4; lastKnownFileType = sourcecode.c.h; path = FrameworkManager.h; sourceTree = "<group>"; };
		65F3BB6C1C5B330F00273E3F /* iOSFramework.h */ = {isa = PBXFileReference; fileEncoding = 4; lastKnownFileType = sourcecode.c.h; path = iOSFramework.h; sourceTree = "<group>"; };
		65F3BB6D1C5B330F00273E3F /* Win32Framework.h */ = {isa = PBXFileReference; fileEncoding = 4; lastKnownFileType = sourcecode.c.h; path = Win32Framework.h; sourceTree = "<group>"; };
/* End PBXFileReference section */

/* Begin PBXFrameworksBuildPhase section */
		652636441C571FA800BF1B16 /* Frameworks */ = {
			isa = PBXFrameworksBuildPhase;
			buildActionMask = 2147483647;
			files = (
				65CC87C51C5CAA850050DFDA /* QuartzCore.framework in Frameworks */,
				65047BE31C59E7BD007F16C0 /* UIKit.framework in Frameworks */,
				652636B31C5732E100BF1B16 /* OpenGLES.framework in Frameworks */,
			);
			runOnlyForDeploymentPostprocessing = 0;
		};
/* End PBXFrameworksBuildPhase section */

/* Begin PBXGroup section */
		6526363E1C571FA800BF1B16 = {
			isa = PBXGroup;
			children = (
				65CC87C41C5CAA850050DFDA /* QuartzCore.framework */,
				65F3BB6F1C5B335200273E3F /* CamusFrameWork */,
				65047BE21C59E7BD007F16C0 /* UIKit.framework */,
				652636B21C5732E100BF1B16 /* OpenGLES.framework */,
				652636481C571FA800BF1B16 /* Products */,
			);
			sourceTree = "<group>";
		};
		652636481C571FA800BF1B16 /* Products */ = {
			isa = PBXGroup;
			children = (
				652636471C571FA800BF1B16 /* libCamusFrameworkiOS.a */,
			);
			name = Products;
			sourceTree = "<group>";
		};
		65F3BB091C5B32FC00273E3F /* src */ = {
			isa = PBXGroup;
			children = (
				65F3BB0A1C5B32FD00273E3F /* Core */,
				65F3BB0C1C5B32FD00273E3F /* Driver */,
				65F3BB151C5B32FD00273E3F /* Scene */,
				65F3BB181C5B32FD00273E3F /* Utils */,
				65F3BB221C5B32FD00273E3F /* WindowManager */,
			);
			name = src;
			path = ../../../../Libs/Framework/src;
			sourceTree = "<group>";
		};
		65F3BB0A1C5B32FD00273E3F /* Core */ = {
			isa = PBXGroup;
			children = (
				65F3BB0B1C5B32FD00273E3F /* Core.cpp */,
			);
			path = Core;
			sourceTree = "<group>";
		};
		65F3BB0C1C5B32FD00273E3F /* Driver */ = {
			isa = PBXGroup;
			children = (
				65F3BB0D1C5B32FD00273E3F /* BufferOpenGL.cpp */,
				65F3BB0E1C5B32FD00273E3F /* DriverProperties.cpp */,
				65F3BB0F1C5B32FD00273E3F /* EffectGL.cpp */,
				65F3BB101C5B32FD00273E3F /* GLSLParser.cpp */,
				65F3BB111C5B32FD00273E3F /* OpenGlDriver.cpp */,
				65F3BB121C5B32FD00273E3F /* ShaderBase.cpp */,
				65F3BB131C5B32FD00273E3F /* Texture.cpp */,
				65F3BB141C5B32FD00273E3F /* TextureGL.cpp */,
			);
			path = Driver;
			sourceTree = "<group>";
		};
		65F3BB151C5B32FD00273E3F /* Scene */ = {
			isa = PBXGroup;
			children = (
				65F3BB161C5B32FD00273E3F /* Camera.cpp */,
				65F3BB171C5B32FD00273E3F /* Node.cpp */,
			);
			path = Scene;
			sourceTree = "<group>";
		};
		65F3BB181C5B32FD00273E3F /* Utils */ = {
			isa = PBXGroup;
			children = (
				65F3BB191C5B32FD00273E3F /* FileSystem.cpp */,
				65F3BB1A1C5B32FD00273E3F /* InputImplAndroid.cpp */,
				65F3BB1B1C5B32FD00273E3F /* InputImplWin32.cpp */,
				65F3BB1C1C5B32FD00273E3F /* Log.cpp */,
				65F3BB1D1C5B32FD00273E3F /* Maths.cpp */,
				65F3BB1E1C5B32FD00273E3F /* WindowProperties.cpp */,
				65F3BB1F1C5B32FD00273E3F /* xFile */,
			);
			path = Utils;
			sourceTree = "<group>";
		};
		65F3BB1F1C5B32FD00273E3F /* xFile */ = {
			isa = PBXGroup;
			children = (
				65F3BB201C5B32FD00273E3F /* XDataBase.cpp */,
				65F3BB211C5B32FD00273E3F /* xMesh.cpp */,
			);
			path = xFile;
			sourceTree = "<group>";
		};
		65F3BB221C5B32FD00273E3F /* WindowManager */ = {
			isa = PBXGroup;
			children = (
				65F3BB231C5B32FD00273E3F /* AndroidFramework.cpp */,
				65F3BB241C5B32FD00273E3F /* AppPlatform.cpp */,
				65F3BB251C5B32FD00273E3F /* FrameworkManager.cpp */,
				65F3BB261C5B32FD00273E3F /* iOSFramework.cpp */,
				65F3BB271C5B32FD00273E3F /* Win32Framework.cpp */,
			);
			path = WindowManager;
			sourceTree = "<group>";
		};
		65F3BB401C5B330F00273E3F /* include */ = {
			isa = PBXGroup;
			children = (
				65F3BB411C5B330F00273E3F /* config.h */,
				65F3BB421C5B330F00273E3F /* Core */,
				65F3BB451C5B330F00273E3F /* Driver */,
				65F3BB581C5B330F00273E3F /* Scene */,
				65F3BB5D1C5B330F00273E3F /* Utils */,
				65F3BB691C5B330F00273E3F /* WindowManager */,
			);
			name = include;
			path = ../../../../Libs/Framework/include;
			sourceTree = "<group>";
		};
		65F3BB421C5B330F00273E3F /* Core */ = {
			isa = PBXGroup;
			children = (
				65F3BB431C5B330F00273E3F /* Core.h */,
				65F3BB441C5B330F00273E3F /* OS_Selector.h */,
			);
			path = Core;
			sourceTree = "<group>";
		};
		65F3BB451C5B330F00273E3F /* Driver */ = {
			isa = PBXGroup;
			children = (
				65F3BB461C5B330F00273E3F /* BaseDriver.h */,
				65F3BB471C5B330F00273E3F /* Buffer.h */,
				65F3BB481C5B330F00273E3F /* BufferOpenGL.h */,
				65F3BB491C5B330F00273E3F /* cil */,
				65F3BB4B1C5B330F00273E3F /* DriverProperties.h */,
				65F3BB4C1C5B330F00273E3F /* EffectGL.h */,
				65F3BB4D1C5B330F00273E3F /* GLSLParser.h */,
				65F3BB4E1C5B330F00273E3F /* OpenGLDriver.h */,
				65F3BB4F1C5B330F00273E3F /* RenderState.h */,
				65F3BB501C5B330F00273E3F /* ShaderBase.h */,
				65F3BB511C5B330F00273E3F /* stb */,
				65F3BB551C5B330F00273E3F /* Technique.h */,
				65F3BB561C5B330F00273E3F /* Texture.h */,
				65F3BB571C5B330F00273E3F /* TextureGL.h */,
			);
			path = Driver;
			sourceTree = "<group>";
		};
		65F3BB491C5B330F00273E3F /* cil */ = {
			isa = PBXGroup;
			children = (
				65F3BB4A1C5B330F00273E3F /* cil.h */,
			);
			path = cil;
			sourceTree = "<group>";
		};
		65F3BB511C5B330F00273E3F /* stb */ = {
			isa = PBXGroup;
			children = (
				65F3BB521C5B330F00273E3F /* stb.h */,
				65F3BB531C5B330F00273E3F /* stb_image.h */,
				65F3BB541C5B330F00273E3F /* stb_truetype.h */,
			);
			path = stb;
			sourceTree = "<group>";
		};
		65F3BB581C5B330F00273E3F /* Scene */ = {
			isa = PBXGroup;
			children = (
				65F3BB591C5B330F00273E3F /* Camera.h */,
				65F3BB5A1C5B330F00273E3F /* Header.h */,
				65F3BB5B1C5B330F00273E3F /* Node.h */,
				65F3BB5C1C5B330F00273E3F /* Scene.h */,
			);
			path = Scene;
			sourceTree = "<group>";
		};
		65F3BB5D1C5B330F00273E3F /* Utils */ = {
			isa = PBXGroup;
			children = (
				65F3BB5E1C5B330F00273E3F /* FileSystem.h */,
				65F3BB5F1C5B330F00273E3F /* InputBase.h */,
				65F3BB601C5B330F00273E3F /* Log.h */,
				65F3BB611C5B330F00273E3F /* Maths.h */,
				65F3BB621C5B330F00273E3F /* Time.cpp */,
				65F3BB631C5B330F00273E3F /* Time.h */,
				65F3BB641C5B330F00273E3F /* WindowProperties.h */,
				65F3BB651C5B330F00273E3F /* xFile */,
			);
			path = Utils;
			sourceTree = "<group>";
		};
		65F3BB651C5B330F00273E3F /* xFile */ = {
			isa = PBXGroup;
			children = (
				65F3BB661C5B330F00273E3F /* XDataBase.h */,
				65F3BB671C5B330F00273E3F /* xDefs.h */,
				65F3BB681C5B330F00273E3F /* xMesh.h */,
			);
			path = xFile;
			sourceTree = "<group>";
		};
		65F3BB691C5B330F00273E3F /* WindowManager */ = {
			isa = PBXGroup;
			children = (
				65F3BB6A1C5B330F00273E3F /* AndroidFramework.h */,
				65F3BB6B1C5B330F00273E3F /* FrameworkManager.h */,
				65F3BB6C1C5B330F00273E3F /* iOSFramework.h */,
				65F3BB6D1C5B330F00273E3F /* Win32Framework.h */,
			);
			path = WindowManager;
			sourceTree = "<group>";
		};
		65F3BB6F1C5B335200273E3F /* CamusFrameWork */ = {
			isa = PBXGroup;
			children = (
				65F3BB091C5B32FC00273E3F /* src */,
				65F3BB401C5B330F00273E3F /* include */,
			);
			name = CamusFrameWork;
			sourceTree = "<group>";
		};
/* End PBXGroup section */

/* Begin PBXNativeTarget section */
		652636461C571FA800BF1B16 /* CamusFrameworkiOS */ = {
			isa = PBXNativeTarget;
			buildConfigurationList = 652636501C571FA800BF1B16 /* Build configuration list for PBXNativeTarget "CamusFrameworkiOS" */;
			buildPhases = (
				652636431C571FA800BF1B16 /* Sources */,
				652636441C571FA800BF1B16 /* Frameworks */,
				652636451C571FA800BF1B16 /* CopyFiles */,
			);
			buildRules = (
			);
			dependencies = (
			);
			name = CamusFrameworkiOS;
			productName = CamusFrameworkiOS;
			productReference = 652636471C571FA800BF1B16 /* libCamusFrameworkiOS.a */;
			productType = "com.apple.product-type.library.static";
		};
/* End PBXNativeTarget section */

/* Begin PBXProject section */
		6526363F1C571FA800BF1B16 /* Project object */ = {
			isa = PBXProject;
			attributes = {
				LastUpgradeCheck = 0720;
				ORGANIZATIONNAME = Camus;
				TargetAttributes = {
					652636461C571FA800BF1B16 = {
						CreatedOnToolsVersion = 7.2;
					};
				};
			};
			buildConfigurationList = 652636421C571FA800BF1B16 /* Build configuration list for PBXProject "CamusFrameworkiOS" */;
			compatibilityVersion = "Xcode 3.2";
			developmentRegion = English;
			hasScannedForEncodings = 0;
			knownRegions = (
				en,
				Base,
			);
			mainGroup = 6526363E1C571FA800BF1B16;
			productRefGroup = 652636481C571FA800BF1B16 /* Products */;
			projectDirPath = "";
			projectRoot = "";
			targets = (
				652636461C571FA800BF1B16 /* CamusFrameworkiOS */,
			);
		};
/* End PBXProject section */

/* Begin PBXSourcesBuildPhase section */
		652636431C571FA800BF1B16 /* Sources */ = {
			isa = PBXSourcesBuildPhase;
			buildActionMask = 2147483647;
			files = (
				65F3BB291C5B32FD00273E3F /* BufferOpenGL.cpp in Sources */,
				65F3BB341C5B32FD00273E3F /* InputImplAndroid.cpp in Sources */,
				65F3BB2C1C5B32FD00273E3F /* GLSLParser.cpp in Sources */,
				65F3BB311C5B32FD00273E3F /* Camera.cpp in Sources */,
				65F3BB2D1C5B32FD00273E3F /* OpenGlDriver.cpp in Sources */,
				65F3BB331C5B32FD00273E3F /* FileSystem.cpp in Sources */,
				65F3BB3E1C5B32FD00273E3F /* iOSFramework.cpp in Sources */,
				65F3BB361C5B32FD00273E3F /* Log.cpp in Sources */,
				65F3BB371C5B32FD00273E3F /* Maths.cpp in Sources */,
				65F3BB3B1C5B32FD00273E3F /* AndroidFramework.cpp in Sources */,
				65F3BB321C5B32FD00273E3F /* Node.cpp in Sources */,
				65F3BB2E1C5B32FD00273E3F /* ShaderBase.cpp in Sources */,
				65F3BB3A1C5B32FD00273E3F /* xMesh.cpp in Sources */,
				65F3BB3D1C5B32FD00273E3F /* FrameworkManager.cpp in Sources */,
				65F3BB351C5B32FD00273E3F /* InputImplWin32.cpp in Sources */,
				65F3BB301C5B32FD00273E3F /* TextureGL.cpp in Sources */,
				65F3BB2B1C5B32FD00273E3F /* EffectGL.cpp in Sources */,
				65F3BB2F1C5B32FD00273E3F /* Texture.cpp in Sources */,
				65F3BB3C1C5B32FD00273E3F /* AppPlatform.cpp in Sources */,
				65F3BB6E1C5B330F00273E3F /* Time.cpp in Sources */,
				65F3BB281C5B32FD00273E3F /* Core.cpp in Sources */,
				65F3BB3F1C5B32FD00273E3F /* Win32Framework.cpp in Sources */,
				65F3BB391C5B32FD00273E3F /* XDataBase.cpp in Sources */,
				65F3BB2A1C5B32FD00273E3F /* DriverProperties.cpp in Sources */,
				65F3BB381C5B32FD00273E3F /* WindowProperties.cpp in Sources */,
			);
			runOnlyForDeploymentPostprocessing = 0;
		};
/* End PBXSourcesBuildPhase section */

/* Begin XCBuildConfiguration section */
		6526364E1C571FA800BF1B16 /* Debug */ = {
			isa = XCBuildConfiguration;
			buildSettings = {
				ALWAYS_SEARCH_USER_PATHS = NO;
				CLANG_CXX_LANGUAGE_STANDARD = "gnu++0x";
				CLANG_CXX_LIBRARY = "libc++";
				CLANG_ENABLE_MODULES = YES;
				CLANG_ENABLE_OBJC_ARC = YES;
				CLANG_WARN_BOOL_CONVERSION = YES;
				CLANG_WARN_CONSTANT_CONVERSION = YES;
				CLANG_WARN_DIRECT_OBJC_ISA_USAGE = YES_ERROR;
				CLANG_WARN_EMPTY_BODY = YES;
				CLANG_WARN_ENUM_CONVERSION = YES;
				CLANG_WARN_INT_CONVERSION = YES;
				CLANG_WARN_OBJC_ROOT_CLASS = YES_ERROR;
				CLANG_WARN_UNREACHABLE_CODE = YES;
				CLANG_WARN__DUPLICATE_METHOD_MATCH = YES;
				"CODE_SIGN_IDENTITY[sdk=iphoneos*]" = "iPhone Developer";
				COPY_PHASE_STRIP = NO;
				DEBUG_INFORMATION_FORMAT = dwarf;
				ENABLE_STRICT_OBJC_MSGSEND = YES;
				ENABLE_TESTABILITY = YES;
				GCC_C_LANGUAGE_STANDARD = gnu99;
				GCC_DYNAMIC_NO_PIC = NO;
				GCC_NO_COMMON_BLOCKS = YES;
				GCC_OPTIMIZATION_LEVEL = 0;
				GCC_PREPROCESSOR_DEFINITIONS = (
					"DEBUG=1",
					"$(inherited)",
				);
				GCC_WARN_64_TO_32_BIT_CONVERSION = YES;
				GCC_WARN_ABOUT_RETURN_TYPE = YES_ERROR;
				GCC_WARN_UNDECLARED_SELECTOR = YES;
				GCC_WARN_UNINITIALIZED_AUTOS = YES_AGGRESSIVE;
				GCC_WARN_UNUSED_FUNCTION = YES;
				GCC_WARN_UNUSED_VARIABLE = YES;
				IPHONEOS_DEPLOYMENT_TARGET = 9.2;
				MTL_ENABLE_DEBUG_INFO = YES;
				ONLY_ACTIVE_ARCH = YES;
				SDKROOT = iphoneos;
			};
			name = Debug;
		};
		6526364F1C571FA800BF1B16 /* Release */ = {
			isa = XCBuildConfiguration;
			buildSettings = {
				ALWAYS_SEARCH_USER_PATHS = NO;
				CLANG_CXX_LANGUAGE_STANDARD = "gnu++0x";
				CLANG_CXX_LIBRARY = "libc++";
				CLANG_ENABLE_MODULES = YES;
				CLANG_ENABLE_OBJC_ARC = YES;
				CLANG_WARN_BOOL_CONVERSION = YES;
				CLANG_WARN_CONSTANT_CONVERSION = YES;
				CLANG_WARN_DIRECT_OBJC_ISA_USAGE = YES_ERROR;
				CLANG_WARN_EMPTY_BODY = YES;
				CLANG_WARN_ENUM_CONVERSION = YES;
				CLANG_WARN_INT_CONVERSION = YES;
				CLANG_WARN_OBJC_ROOT_CLASS = YES_ERROR;
				CLANG_WARN_UNREACHABLE_CODE = YES;
				CLANG_WARN__DUPLICATE_METHOD_MATCH = YES;
				"CODE_SIGN_IDENTITY[sdk=iphoneos*]" = "iPhone Developer";
				COPY_PHASE_STRIP = NO;
				DEBUG_INFORMATION_FORMAT = "dwarf-with-dsym";
				ENABLE_NS_ASSERTIONS = NO;
				ENABLE_STRICT_OBJC_MSGSEND = YES;
				GCC_C_LANGUAGE_STANDARD = gnu99;
				GCC_NO_COMMON_BLOCKS = YES;
				GCC_WARN_64_TO_32_BIT_CONVERSION = YES;
				GCC_WARN_ABOUT_RETURN_TYPE = YES_ERROR;
				GCC_WARN_UNDECLARED_SELECTOR = YES;
				GCC_WARN_UNINITIALIZED_AUTOS = YES_AGGRESSIVE;
				GCC_WARN_UNUSED_FUNCTION = YES;
				GCC_WARN_UNUSED_VARIABLE = YES;
				IPHONEOS_DEPLOYMENT_TARGET = 9.2;
				MTL_ENABLE_DEBUG_INFO = NO;
				SDKROOT = iphoneos;
				VALIDATE_PRODUCT = YES;
			};
			name = Release;
		};
		652636511C571FA800BF1B16 /* Debug */ = {
			isa = XCBuildConfiguration;
			buildSettings = {
				FRAMEWORK_SEARCH_PATHS = "";
				GCC_PREPROCESSOR_DEFINITIONS = (
					USE_DEBUG,
					"DEBUG=1",
				);
				HEADER_SEARCH_PATHS = ../../../../Libs/Framework/include;
				OTHER_LDFLAGS = "-ObjC";
				PRODUCT_NAME = "$(TARGET_NAME)";
				SKIP_INSTALL = YES;
			};
			name = Debug;
		};
		652636521C571FA800BF1B16 /* Release */ = {
			isa = XCBuildConfiguration;
			buildSettings = {
				FRAMEWORK_SEARCH_PATHS = "";
				GCC_PREPROCESSOR_DEFINITIONS = USE_DEBUG;
				HEADER_SEARCH_PATHS = ../../../../Libs/Framework/include;
				OTHER_LDFLAGS = "-ObjC";
				PRODUCT_NAME = "$(TARGET_NAME)";
				SKIP_INSTALL = YES;
			};
			name = Release;
		};
/* End XCBuildConfiguration section */

/* Begin XCConfigurationList section */
		652636421C571FA800BF1B16 /* Build configuration list for PBXProject "CamusFrameworkiOS" */ = {
			isa = XCConfigurationList;
			buildConfigurations = (
				6526364E1C571FA800BF1B16 /* Debug */,
				6526364F1C571FA800BF1B16 /* Release */,
			);
			defaultConfigurationIsVisible = 0;
			defaultConfigurationName = Release;
		};
		652636501C571FA800BF1B16 /* Build configuration list for PBXNativeTarget "CamusFrameworkiOS" */ = {
			isa = XCConfigurationList;
			buildConfigurations = (
				652636511C571FA800BF1B16 /* Debug */,
				652636521C571FA800BF1B16 /* Release */,
			);
			defaultConfigurationIsVisible = 0;
			defaultConfigurationName = Release;
		};
/* End XCConfigurationList section */
	};
	rootObject = 6526363F1C571FA800BF1B16 /* Project object */;
}
