// !$*UTF8*$!
{
	archiveVersion = 1;
	classes = {
	};
	objectVersion = 46;
	objects = {

/* Begin PBXBuildFile section */
		65047BD91C59D3D3007F16C0 /* UIKit.framework in Frameworks */ = {isa = PBXBuildFile; fileRef = 65047BD81C59D3D3007F16C0 /* UIKit.framework */; };
		65047BE51C59E841007F16C0 /* OpenGLES.framework in Frameworks */ = {isa = PBXBuildFile; fileRef = 65047BE41C59E841007F16C0 /* OpenGLES.framework */; };
		6526362F1C57192300BF1B16 /* ViewController.mm in Sources */ = {isa = PBXBuildFile; fileRef = 6526362E1C57192300BF1B16 /* ViewController.mm */; };
		652636321C57192300BF1B16 /* Main.storyboard in Resources */ = {isa = PBXBuildFile; fileRef = 652636301C57192300BF1B16 /* Main.storyboard */; };
		652636341C57192300BF1B16 /* Assets.xcassets in Resources */ = {isa = PBXBuildFile; fileRef = 652636331C57192300BF1B16 /* Assets.xcassets */; };
		652636371C57192300BF1B16 /* LaunchScreen.storyboard in Resources */ = {isa = PBXBuildFile; fileRef = 652636351C57192300BF1B16 /* LaunchScreen.storyboard */; };
		65B17A361C586A1B0078EFD6 /* Test.cpp in Sources */ = {isa = PBXBuildFile; fileRef = 65B17A331C586A1B0078EFD6 /* Test.cpp */; };
		65B17A371C586A1B0078EFD6 /* TestApplication.cpp in Sources */ = {isa = PBXBuildFile; fileRef = 65B17A351C586A1B0078EFD6 /* TestApplication.cpp */; };
		65F3BB701C5B344B00273E3F /* libCamusFrameworkiOS.a in Frameworks */ = {isa = PBXBuildFile; fileRef = 65F3BB061C5B30FF00273E3F /* libCamusFrameworkiOS.a */; };
/* End PBXBuildFile section */

/* Begin PBXContainerItemProxy section */
		65F3BB051C5B30FF00273E3F /* PBXContainerItemProxy */ = {
			isa = PBXContainerItemProxy;
			containerPortal = 65F3BB011C5B30FE00273E3F /* CamusFrameworkiOS.xcodeproj */;
			proxyType = 2;
			remoteGlobalIDString = 652636471C571FA800BF1B16;
			remoteInfo = CamusFrameworkiOS;
		};
/* End PBXContainerItemProxy section */

/* Begin PBXFileReference section */
		65047BD81C59D3D3007F16C0 /* UIKit.framework */ = {isa = PBXFileReference; lastKnownFileType = wrapper.framework; name = UIKit.framework; path = System/Library/Frameworks/UIKit.framework; sourceTree = SDKROOT; };
		65047BE41C59E841007F16C0 /* OpenGLES.framework */ = {isa = PBXFileReference; lastKnownFileType = wrapper.framework; name = OpenGLES.framework; path = System/Library/Frameworks/OpenGLES.framework; sourceTree = SDKROOT; };
		652636241C57192200BF1B16 /* TestApplication.app */ = {isa = PBXFileReference; explicitFileType = wrapper.application; includeInIndex = 0; path = TestApplication.app; sourceTree = BUILT_PRODUCTS_DIR; };
		6526362D1C57192300BF1B16 /* ViewController.h */ = {isa = PBXFileReference; lastKnownFileType = sourcecode.c.h; path = ViewController.h; sourceTree = "<group>"; };
		6526362E1C57192300BF1B16 /* ViewController.mm */ = {isa = PBXFileReference; explicitFileType = sourcecode.cpp.objcpp; path = ViewController.mm; sourceTree = "<group>"; };
		652636311C57192300BF1B16 /* Base */ = {isa = PBXFileReference; lastKnownFileType = file.storyboard; name = Base; path = Base.lproj/Main.storyboard; sourceTree = "<group>"; };
		652636331C57192300BF1B16 /* Assets.xcassets */ = {isa = PBXFileReference; lastKnownFileType = folder.assetcatalog; path = Assets.xcassets; sourceTree = "<group>"; };
		652636361C57192300BF1B16 /* Base */ = {isa = PBXFileReference; lastKnownFileType = file.storyboard; name = Base; path = Base.lproj/LaunchScreen.storyboard; sourceTree = "<group>"; };
		652636381C57192300BF1B16 /* Info.plist */ = {isa = PBXFileReference; lastKnownFileType = text.plist.xml; path = Info.plist; sourceTree = "<group>"; };
		65B17A331C586A1B0078EFD6 /* Test.cpp */ = {isa = PBXFileReference; fileEncoding = 4; lastKnownFileType = sourcecode.cpp.cpp; name = Test.cpp; path = ../../../../Source/TestApplication/Test.cpp; sourceTree = "<group>"; };
		65B17A341C586A1B0078EFD6 /* Test.h */ = {isa = PBXFileReference; fileEncoding = 4; lastKnownFileType = sourcecode.c.h; name = Test.h; path = ../../../../Source/TestApplication/Test.h; sourceTree = "<group>"; };
		65B17A351C586A1B0078EFD6 /* TestApplication.cpp */ = {isa = PBXFileReference; explicitFileType = sourcecode.cpp.objcpp; fileEncoding = 4; name = TestApplication.cpp; path = ../../../../Source/TestApplication/TestApplication.cpp; sourceTree = "<group>"; };
		65F3BB011C5B30FE00273E3F /* CamusFrameworkiOS.xcodeproj */ = {isa = PBXFileReference; lastKnownFileType = "wrapper.pb-project"; name = CamusFrameworkiOS.xcodeproj; path = CamusFrameworkiOS/CamusFrameworkiOS.xcodeproj; sourceTree = "<group>"; };
/* End PBXFileReference section */

/* Begin PBXFrameworksBuildPhase section */
		652636211C57192200BF1B16 /* Frameworks */ = {
			isa = PBXFrameworksBuildPhase;
			buildActionMask = 2147483647;
			files = (
				65F3BB701C5B344B00273E3F /* libCamusFrameworkiOS.a in Frameworks */,
				65047BE51C59E841007F16C0 /* OpenGLES.framework in Frameworks */,
				65047BD91C59D3D3007F16C0 /* UIKit.framework in Frameworks */,
			);
			runOnlyForDeploymentPostprocessing = 0;
		};
/* End PBXFrameworksBuildPhase section */

/* Begin PBXGroup section */
		6526361B1C57192200BF1B16 = {
			isa = PBXGroup;
			children = (
				65F3BB011C5B30FE00273E3F /* CamusFrameworkiOS.xcodeproj */,
				65047BE41C59E841007F16C0 /* OpenGLES.framework */,
				65047BD81C59D3D3007F16C0 /* UIKit.framework */,
				652636261C57192300BF1B16 /* Camus_Project */,
				652636251C57192200BF1B16 /* Products */,
			);
			sourceTree = "<group>";
		};
		652636251C57192200BF1B16 /* Products */ = {
			isa = PBXGroup;
			children = (
				652636241C57192200BF1B16 /* TestApplication.app */,
			);
			name = Products;
			sourceTree = "<group>";
		};
		652636261C57192300BF1B16 /* Camus_Project */ = {
			isa = PBXGroup;
			children = (
				65B17A311C58694C0078EFD6 /* TestApp */,
				652636301C57192300BF1B16 /* Main.storyboard */,
				652636331C57192300BF1B16 /* Assets.xcassets */,
				652636351C57192300BF1B16 /* LaunchScreen.storyboard */,
				652636381C57192300BF1B16 /* Info.plist */,
			);
			path = Camus_Project;
			sourceTree = "<group>";
		};
		65B17A311C58694C0078EFD6 /* TestApp */ = {
			isa = PBXGroup;
			children = (
				65B17A331C586A1B0078EFD6 /* Test.cpp */,
				65B17A341C586A1B0078EFD6 /* Test.h */,
				65B17A351C586A1B0078EFD6 /* TestApplication.cpp */,
				6526362D1C57192300BF1B16 /* ViewController.h */,
				6526362E1C57192300BF1B16 /* ViewController.mm */,
			);
			name = TestApp;
			sourceTree = "<group>";
		};
		65F3BB021C5B30FE00273E3F /* Products */ = {
			isa = PBXGroup;
			children = (
				65F3BB061C5B30FF00273E3F /* libCamusFrameworkiOS.a */,
			);
			name = Products;
			sourceTree = "<group>";
		};
/* End PBXGroup section */

/* Begin PBXNativeTarget section */
		652636231C57192200BF1B16 /* TestApplication */ = {
			isa = PBXNativeTarget;
			buildConfigurationList = 6526363B1C57192300BF1B16 /* Build configuration list for PBXNativeTarget "TestApplication" */;
			buildPhases = (
				652636201C57192200BF1B16 /* Sources */,
				652636211C57192200BF1B16 /* Frameworks */,
				652636221C57192200BF1B16 /* Resources */,
			);
			buildRules = (
			);
			dependencies = (
			);
			name = TestApplication;
			productName = Camus_Project;
			productReference = 652636241C57192200BF1B16 /* TestApplication.app */;
			productType = "com.apple.product-type.application";
		};
/* End PBXNativeTarget section */

/* Begin PBXProject section */
		6526361C1C57192200BF1B16 /* Project object */ = {
			isa = PBXProject;
			attributes = {
				LastUpgradeCheck = 0720;
				ORGANIZATIONNAME = Camus;
				TargetAttributes = {
					652636231C57192200BF1B16 = {
						CreatedOnToolsVersion = 7.2;
					};
				};
			};
			buildConfigurationList = 6526361F1C57192200BF1B16 /* Build configuration list for PBXProject "TestApplication" */;
			compatibilityVersion = "Xcode 3.2";
			developmentRegion = English;
			hasScannedForEncodings = 0;
			knownRegions = (
				en,
				Base,
			);
			mainGroup = 6526361B1C57192200BF1B16;
			productRefGroup = 652636251C57192200BF1B16 /* Products */;
			projectDirPath = "";
			projectReferences = (
				{
					ProductGroup = 65F3BB021C5B30FE00273E3F /* Products */;
					ProjectRef = 65F3BB011C5B30FE00273E3F /* CamusFrameworkiOS.xcodeproj */;
				},
			);
			projectRoot = "";
			targets = (
				652636231C57192200BF1B16 /* TestApplication */,
			);
		};
/* End PBXProject section */

/* Begin PBXReferenceProxy section */
		65F3BB061C5B30FF00273E3F /* libCamusFrameworkiOS.a */ = {
			isa = PBXReferenceProxy;
			fileType = archive.ar;
			path = libCamusFrameworkiOS.a;
			remoteRef = 65F3BB051C5B30FF00273E3F /* PBXContainerItemProxy */;
			sourceTree = BUILT_PRODUCTS_DIR;
		};
/* End PBXReferenceProxy section */

/* Begin PBXResourcesBuildPhase section */
		652636221C57192200BF1B16 /* Resources */ = {
			isa = PBXResourcesBuildPhase;
			buildActionMask = 2147483647;
			files = (
				652636371C57192300BF1B16 /* LaunchScreen.storyboard in Resources */,
				652636341C57192300BF1B16 /* Assets.xcassets in Resources */,
				652636321C57192300BF1B16 /* Main.storyboard in Resources */,
			);
			runOnlyForDeploymentPostprocessing = 0;
		};
/* End PBXResourcesBuildPhase section */

/* Begin PBXSourcesBuildPhase section */
		652636201C57192200BF1B16 /* Sources */ = {
			isa = PBXSourcesBuildPhase;
			buildActionMask = 2147483647;
			files = (
				65B17A371C586A1B0078EFD6 /* TestApplication.cpp in Sources */,
				6526362F1C57192300BF1B16 /* ViewController.mm in Sources */,
				65B17A361C586A1B0078EFD6 /* Test.cpp in Sources */,
			);
			runOnlyForDeploymentPostprocessing = 0;
		};
/* End PBXSourcesBuildPhase section */

/* Begin PBXVariantGroup section */
		652636301C57192300BF1B16 /* Main.storyboard */ = {
			isa = PBXVariantGroup;
			children = (
				652636311C57192300BF1B16 /* Base */,
			);
			name = Main.storyboard;
			sourceTree = "<group>";
		};
		652636351C57192300BF1B16 /* LaunchScreen.storyboard */ = {
			isa = PBXVariantGroup;
			children = (
				652636361C57192300BF1B16 /* Base */,
			);
			name = LaunchScreen.storyboard;
			sourceTree = "<group>";
		};
/* End PBXVariantGroup section */

/* Begin XCBuildConfiguration section */
		652636391C57192300BF1B16 /* Debug */ = {
			isa = XCBuildConfiguration;
			buildSettings = {
				ALWAYS_SEARCH_USER_PATHS = NO;
				CLANG_CXX_LANGUAGE_STANDARD = "gnu++0x";
				CLANG_CXX_LIBRARY = "libc++";
				CLANG_ENABLE_MODULES = YES;
				CLANG_ENABLE_OBJC_ARC = YES;
				CLANG_WARN_BOOL_CONVERSION = YES;
				CLANG_WARN_CONSTANT_CONVERSION = YES;
				CLANG_WARN_DIRECT_OBJC_ISA_USAGE = YES_ERROR;
				CLANG_WARN_EMPTY_BODY = YES;
				CLANG_WARN_ENUM_CONVERSION = YES;
				CLANG_WARN_INT_CONVERSION = YES;
				CLANG_WARN_OBJC_ROOT_CLASS = YES_ERROR;
				CLANG_WARN_UNREACHABLE_CODE = YES;
				CLANG_WARN__DUPLICATE_METHOD_MATCH = YES;
				"CODE_SIGN_IDENTITY[sdk=iphoneos*]" = "iPhone Developer";
				COPY_PHASE_STRIP = NO;
				DEBUG_INFORMATION_FORMAT = dwarf;
				ENABLE_STRICT_OBJC_MSGSEND = YES;
				ENABLE_TESTABILITY = YES;
				GCC_C_LANGUAGE_STANDARD = gnu99;
				GCC_DYNAMIC_NO_PIC = NO;
				GCC_NO_COMMON_BLOCKS = YES;
				GCC_OPTIMIZATION_LEVEL = 0;
				GCC_PREPROCESSOR_DEFINITIONS = (
					"DEBUG=1",
					"$(inherited)",
				);
				GCC_WARN_64_TO_32_BIT_CONVERSION = YES;
				GCC_WARN_ABOUT_RETURN_TYPE = YES_ERROR;
				GCC_WARN_UNDECLARED_SELECTOR = YES;
				GCC_WARN_UNINITIALIZED_AUTOS = YES_AGGRESSIVE;
				GCC_WARN_UNUSED_FUNCTION = YES;
				GCC_WARN_UNUSED_VARIABLE = YES;
				IPHONEOS_DEPLOYMENT_TARGET = 9.2;
				MTL_ENABLE_DEBUG_INFO = YES;
				ONLY_ACTIVE_ARCH = YES;
				SDKROOT = iphoneos;
			};
			name = Debug;
		};
		6526363A1C57192300BF1B16 /* Release */ = {
			isa = XCBuildConfiguration;
			buildSettings = {
				ALWAYS_SEARCH_USER_PATHS = NO;
				CLANG_CXX_LANGUAGE_STANDARD = "gnu++0x";
				CLANG_CXX_LIBRARY = "libc++";
				CLANG_ENABLE_MODULES = YES;
				CLANG_ENABLE_OBJC_ARC = YES;
				CLANG_WARN_BOOL_CONVERSION = YES;
				CLANG_WARN_CONSTANT_CONVERSION = YES;
				CLANG_WARN_DIRECT_OBJC_ISA_USAGE = YES_ERROR;
				CLANG_WARN_EMPTY_BODY = YES;
				CLANG_WARN_ENUM_CONVERSION = YES;
				CLANG_WARN_INT_CONVERSION = YES;
				CLANG_WARN_OBJC_ROOT_CLASS = YES_ERROR;
				CLANG_WARN_UNREACHABLE_CODE = YES;
				CLANG_WARN__DUPLICATE_METHOD_MATCH = YES;
				"CODE_SIGN_IDENTITY[sdk=iphoneos*]" = "iPhone Developer";
				COPY_PHASE_STRIP = NO;
				DEBUG_INFORMATION_FORMAT = "dwarf-with-dsym";
				ENABLE_NS_ASSERTIONS = NO;
				ENABLE_STRICT_OBJC_MSGSEND = YES;
				GCC_C_LANGUAGE_STANDARD = gnu99;
				GCC_NO_COMMON_BLOCKS = YES;
				GCC_WARN_64_TO_32_BIT_CONVERSION = YES;
				GCC_WARN_ABOUT_RETURN_TYPE = YES_ERROR;
				GCC_WARN_UNDECLARED_SELECTOR = YES;
				GCC_WARN_UNINITIALIZED_AUTOS = YES_AGGRESSIVE;
				GCC_WARN_UNUSED_FUNCTION = YES;
				GCC_WARN_UNUSED_VARIABLE = YES;
				IPHONEOS_DEPLOYMENT_TARGET = 9.2;
				MTL_ENABLE_DEBUG_INFO = NO;
				SDKROOT = iphoneos;
				VALIDATE_PRODUCT = YES;
			};
			name = Release;
		};
		6526363C1C57192300BF1B16 /* Debug */ = {
			isa = XCBuildConfiguration;
			buildSettings = {
				ASSETCATALOG_COMPILER_APPICON_NAME = AppIcon;
				GCC_PREPROCESSOR_DEFINITIONS = (
					USE_DEBUG,
					"DEBUG=1",
				);
				HEADER_SEARCH_PATHS = ../../../Libs/Framework/include;
				INFOPLIST_FILE = Camus_Project/Info.plist;
				LD_RUNPATH_SEARCH_PATHS = "$(inherited) @executable_path/Frameworks";
				PRODUCT_BUNDLE_IDENTIFIER = "dev.Camus-Project";
				PRODUCT_NAME = TestApplication;
			};
			name = Debug;
		};
		6526363D1C57192300BF1B16 /* Release */ = {
			isa = XCBuildConfiguration;
			buildSettings = {
				ASSETCATALOG_COMPILER_APPICON_NAME = AppIcon;
				GCC_PREPROCESSOR_DEFINITIONS = (
					USE_DEBUG,
					"DEBUG=1",
				);
				HEADER_SEARCH_PATHS = ../../../Libs/Framework/include;
				INFOPLIST_FILE = Camus_Project/Info.plist;
				LD_RUNPATH_SEARCH_PATHS = "$(inherited) @executable_path/Frameworks";
				PRODUCT_BUNDLE_IDENTIFIER = "dev.Camus-Project";
				PRODUCT_NAME = TestApplication;
			};
			name = Release;
		};
/* End XCBuildConfiguration section */

/* Begin XCConfigurationList section */
		6526361F1C57192200BF1B16 /* Build configuration list for PBXProject "TestApplication" */ = {
			isa = XCConfigurationList;
			buildConfigurations = (
				652636391C57192300BF1B16 /* Debug */,
				6526363A1C57192300BF1B16 /* Release */,
			);
			defaultConfigurationIsVisible = 0;
			defaultConfigurationName = Release;
		};
		6526363B1C57192300BF1B16 /* Build configuration list for PBXNativeTarget "TestApplication" */ = {
			isa = XCConfigurationList;
			buildConfigurations = (
				6526363C1C57192300BF1B16 /* Debug */,
				6526363D1C57192300BF1B16 /* Release */,
			);
			defaultConfigurationIsVisible = 0;
			defaultConfigurationName = Release;
		};
/* End XCConfigurationList section */
	};
	rootObject = 6526361C1C57192200BF1B16 /* Project object */;
}
