
Microsoft Visual Studio Solution File, Format Version 12.00
# Visual Studio 14
VisualStudioVersion = 14.0.25420.1
MinimumVisualStudioVersion = 10.0.40219.1
Project("{8BC9CEB8-8B4A-11D0-8D11-00A0C91BC942}") = "CamusFrameworkWin32", "..\..\Libs\Framework\project\CamusFrameworkWin32.vcxproj", "{260648F0-902D-4587-B992-AF273A735290}"
EndProject
Project("{8BC9CEB8-8B4A-11D0-8D11-00A0C91BC942}") = "TestApplication", "..\Game\TestApplication.vcxproj", "{1AA1E229-6D59-4D2C-B572-8181EB6F0026}"
EndProject
Project("{2150E333-8FDC-42A3-9474-1A3956D46DE8}") = "Win32", "Win32", "{899EFCBB-9941-4DDA-8F81-D708CD8280C2}"
EndProject
Project("{2150E333-8FDC-42A3-9474-1A3956D46DE8}") = "Android", "Android", "{34BC2EF1-B2F9-4CEE-AB70-A6FE9EF4E535}"
EndProject
Project("{8BC9CEB8-8B4A-11D0-8D11-00A0C91BC942}") = "CamusFrameworkAndroid", "..\..\Libs\Framework\project\CamusFrameworkAndroid.vcxproj", "{2127C6EE-0F5B-426D-A2A8-8EDF54BF6543}"
EndProject
Project("{8BC9CEB8-8B4A-11D0-8D11-00A0C91BC942}") = "TestApplicationAndroid.NativeActivity", "..\Game\TestApplicationAndroid.NativeActivity\TestApplicationAndroid.NativeActivity.vcxproj", "{ECE03C71-46B3-40D5-8603-46CBBDF465C1}"
EndProject
Project("{39E2626F-3545-4960-A6E8-258AD8476CE5}") = "TestApplicationAndroid.Packaging", "..\Game\TestApplicationAndroid.Packaging\TestApplicationAndroid.Packaging.androidproj", "{EDDC3521-38C6-4675-A176-12C49FA0A047}"
EndProject
Global
	GlobalSection(SolutionConfigurationPlatforms) = preSolution
		Debug|ARM = Debug|ARM
		Debug|x64 = Debug|x64
		Debug|x86 = Debug|x86
		Release|ARM = Release|ARM
		Release|x64 = Release|x64
		Release|x86 = Release|x86
	EndGlobalSection
	GlobalSection(ProjectConfigurationPlatforms) = postSolution
		{260648F0-902D-4587-B992-AF273A735290}.Debug|ARM.ActiveCfg = Debug|Win32
		{260648F0-902D-4587-B992-AF273A735290}.Debug|x64.ActiveCfg = Debug|x64
		{260648F0-902D-4587-B992-AF273A735290}.Debug|x64.Build.0 = Debug|x64
		{260648F0-902D-4587-B992-AF273A735290}.Debug|x86.ActiveCfg = Debug|Win32
		{260648F0-902D-4587-B992-AF273A735290}.Debug|x86.Build.0 = Debug|Win32
		{260648F0-902D-4587-B992-AF273A735290}.Release|ARM.ActiveCfg = Release|Win32
		{260648F0-902D-4587-B992-AF273A735290}.Release|x64.ActiveCfg = Release|x64
		{260648F0-902D-4587-B992-AF273A735290}.Release|x64.Build.0 = Release|x64
		{260648F0-902D-4587-B992-AF273A735290}.Release|x86.ActiveCfg = Release|Win32
		{260648F0-902D-4587-B992-AF273A735290}.Release|x86.Build.0 = Release|Win32
		{1AA1E229-6D59-4D2C-B572-8181EB6F0026}.Debug|ARM.ActiveCfg = Debug|Win32
		{1AA1E229-6D59-4D2C-B572-8181EB6F0026}.Debug|x64.ActiveCfg = Debug|x64
		{1AA1E229-6D59-4D2C-B572-8181EB6F0026}.Debug|x64.Build.0 = Debug|x64
		{1AA1E229-6D59-4D2C-B572-8181EB6F0026}.Debug|x86.ActiveCfg = Debug|Win32
		{1AA1E229-6D59-4D2C-B572-8181EB6F0026}.Debug|x86.Build.0 = Debug|Win32
		{1AA1E229-6D59-4D2C-B572-8181EB6F0026}.Release|ARM.ActiveCfg = Release|Win32
		{1AA1E229-6D59-4D2C-B572-8181EB6F0026}.Release|x64.ActiveCfg = Release|x64
		{1AA1E229-6D59-4D2C-B572-8181EB6F0026}.Release|x64.Build.0 = Release|x64
		{1AA1E229-6D59-4D2C-B572-8181EB6F0026}.Release|x86.ActiveCfg = Release|Win32
		{1AA1E229-6D59-4D2C-B572-8181EB6F0026}.Release|x86.Build.0 = Release|Win32
		{2127C6EE-0F5B-426D-A2A8-8EDF54BF6543}.Debug|ARM.ActiveCfg = Debug|ARM
		{2127C6EE-0F5B-426D-A2A8-8EDF54BF6543}.Debug|ARM.Build.0 = Debug|ARM
		{2127C6EE-0F5B-426D-A2A8-8EDF54BF6543}.Debug|x64.ActiveCfg = Debug|x86
		{2127C6EE-0F5B-426D-A2A8-8EDF54BF6543}.Debug|x86.ActiveCfg = Debug|x86
		{2127C6EE-0F5B-426D-A2A8-8EDF54BF6543}.Debug|x86.Build.0 = Debug|x86
		{2127C6EE-0F5B-426D-A2A8-8EDF54BF6543}.Release|ARM.ActiveCfg = Release|ARM
		{2127C6EE-0F5B-426D-A2A8-8EDF54BF6543}.Release|ARM.Build.0 = Release|ARM
		{2127C6EE-0F5B-426D-A2A8-8EDF54BF6543}.Release|x64.ActiveCfg = Release|x86
		{2127C6EE-0F5B-426D-A2A8-8EDF54BF6543}.Release|x86.ActiveCfg = Release|x86
		{2127C6EE-0F5B-426D-A2A8-8EDF54BF6543}.Release|x86.Build.0 = Release|x86
		{ECE03C71-46B3-40D5-8603-46CBBDF465C1}.Debug|ARM.ActiveCfg = Debug|ARM
		{ECE03C71-46B3-40D5-8603-46CBBDF465C1}.Debug|ARM.Build.0 = Debug|ARM
		{ECE03C71-46B3-40D5-8603-46CBBDF465C1}.Debug|x64.ActiveCfg = Debug|x86
		{ECE03C71-46B3-40D5-8603-46CBBDF465C1}.Debug|x86.ActiveCfg = Debug|x86
		{ECE03C71-46B3-40D5-8603-46CBBDF465C1}.Debug|x86.Build.0 = Debug|x86
		{ECE03C71-46B3-40D5-8603-46CBBDF465C1}.Release|ARM.ActiveCfg = Release|ARM
		{ECE03C71-46B3-40D5-8603-46CBBDF465C1}.Release|ARM.Build.0 = Release|ARM
		{ECE03C71-46B3-40D5-8603-46CBBDF465C1}.Release|x64.ActiveCfg = Release|x86
		{ECE03C71-46B3-40D5-8603-46CBBDF465C1}.Release|x86.ActiveCfg = Release|x86
		{ECE03C71-46B3-40D5-8603-46CBBDF465C1}.Release|x86.Build.0 = Release|x86
		{EDDC3521-38C6-4675-A176-12C49FA0A047}.Debug|ARM.ActiveCfg = Debug|ARM
		{EDDC3521-38C6-4675-A176-12C49FA0A047}.Debug|ARM.Build.0 = Debug|ARM
		{EDDC3521-38C6-4675-A176-12C49FA0A047}.Debug|ARM.Deploy.0 = Debug|ARM
		{EDDC3521-38C6-4675-A176-12C49FA0A047}.Debug|x64.ActiveCfg = Debug|x86
		{EDDC3521-38C6-4675-A176-12C49FA0A047}.Debug|x86.ActiveCfg = Debug|x86
		{EDDC3521-38C6-4675-A176-12C49FA0A047}.Debug|x86.Build.0 = Debug|x86
		{EDDC3521-38C6-4675-A176-12C49FA0A047}.Debug|x86.Deploy.0 = Debug|x86
		{EDDC3521-38C6-4675-A176-12C49FA0A047}.Release|ARM.ActiveCfg = Release|ARM
		{EDDC3521-38C6-4675-A176-12C49FA0A047}.Release|ARM.Build.0 = Release|ARM
		{EDDC3521-38C6-4675-A176-12C49FA0A047}.Release|ARM.Deploy.0 = Release|ARM
		{EDDC3521-38C6-4675-A176-12C49FA0A047}.Release|x64.ActiveCfg = Release|x86
		{EDDC3521-38C6-4675-A176-12C49FA0A047}.Release|x86.ActiveCfg = Release|x86
		{EDDC3521-38C6-4675-A176-12C49FA0A047}.Release|x86.Build.0 = Release|x86
		{EDDC3521-38C6-4675-A176-12C49FA0A047}.Release|x86.Deploy.0 = Release|x86
	EndGlobalSection
	GlobalSection(SolutionProperties) = preSolution
		HideSolutionNode = FALSE
	EndGlobalSection
	GlobalSection(NestedProjects) = preSolution
		{260648F0-902D-4587-B992-AF273A735290} = {899EFCBB-9941-4DDA-8F81-D708CD8280C2}
		{1AA1E229-6D59-4D2C-B572-8181EB6F0026} = {899EFCBB-9941-4DDA-8F81-D708CD8280C2}
		{2127C6EE-0F5B-426D-A2A8-8EDF54BF6543} = {34BC2EF1-B2F9-4CEE-AB70-A6FE9EF4E535}
		{ECE03C71-46B3-40D5-8603-46CBBDF465C1} = {34BC2EF1-B2F9-4CEE-AB70-A6FE9EF4E535}
		{EDDC3521-38C6-4675-A176-12C49FA0A047} = {34BC2EF1-B2F9-4CEE-AB70-A6FE9EF4E535}
	EndGlobalSection
EndGlobal
